{
  "version": 1,
  "dependencies": {
    "net10.0": {
      "FS.GG.Wasm.Browser": {
        "type": "Direct",
        "requested": "[0.3.0, 0.3.0]",
        "resolved": "0.3.0",
        "contentHash": "CwiuMUDYgM1wD/CqFsHlGWz1AKEo5AiFrh1Hr6vdPTaO/TsOP5L/Ucqa7zN4IgaTPWFMHU8mYnyAqbrkTMqxXQ==",
        "dependencies": {
          "FS.GG.Wasm.Contracts": "[0.3.0]",
          "FSharp.Core": "10.1.302"
        }
      },
      "FSharp.Core": {
        "type": "Direct",
        "requested": "[10.1.302, 10.1.302]",
        "resolved": "10.1.302",
        "contentHash": "bN7XMQrAQg1dyHScJ7FcsznERBkvm74LtIo1O6C5mUzgbDqSwNbDpb3+nBGaJAjDmtC/suK5Vx5pFysKY6Hm+Q=="
      },
      "FS.GG.Wasm.Contracts": {
        "type": "Transitive",
        "resolved": "0.3.0",
        "contentHash": "JBJa0WRPKG1rHiww5TjI6GEsRKYXtSo5/6cPzfmVDN81HlVmqtykTcd4SSBWE/ob92m/DL8ZyYZG8+zrboquGA==",
        "dependencies": {
          "FSharp.Core": "10.1.302"
        }
      }
    }
  }
}