{
  "version": 2,
  "dependencies": {
    "net10.0": {
      "FS.GG.UI.KeyboardInput": {
        "type": "Direct",
        "requested": "[0.27.0, )",
        "resolved": "0.27.0",
        "contentHash": "x/bPBrerIbXJEQ2X8vgvl9m6KE4xB4BzYHkZ5XvZHvcmoQOC2aO30ywYcbRc5vCtFxpCf3BJt4DbjHxwix3FcQ==",
        "dependencies": {
          "FS.GG.UI.Scene": "0.27.0",
          "FSharp.Core": "10.1.302"
        }
      },
      "FS.GG.UI.Scene": {
        "type": "Direct",
        "requested": "[0.27.0, )",
        "resolved": "0.27.0",
        "contentHash": "zIn5/J91Ws9KEP3WiA7AwycVLrQoGfPqXk+pmCnwDCth8+NiFxZFIQrCNqjyT0lbxJmdR/7G3P6zaeHuIzjKow==",
        "dependencies": {
          "FSharp.Core": "10.1.302"
        }
      },
      "FSharp.Core": {
        "type": "Direct",
        "requested": "[10.1.302, )",
        "resolved": "10.1.302",
        "contentHash": "bN7XMQrAQg1dyHScJ7FcsznERBkvm74LtIo1O6C5mUzgbDqSwNbDpb3+nBGaJAjDmtC/suK5Vx5pFysKY6Hm+Q=="
      },
      "fs.gg.game.core": {
        "type": "Project",
        "dependencies": {
          "FSharp.Core": "[10.1.302, )"
        }
      }
    }
  }
}