{
  "version": 2,
  "dependencies": {
    "net10.0": {
      "FS.GG.UI.KeyboardInput": {
        "type": "Direct",
        "requested": "[0.9.0, )",
        "resolved": "0.9.0",
        "contentHash": "fpdAqxGltADp80hIFsUjdzsnoHscDD2dmrLp3gt3QnbhrlEV5WYUSyGh75PQKujLI13I8Yb/cxmG2RoBagIrxQ==",
        "dependencies": {
          "FS.GG.UI.Scene": "0.9.0",
          "FSharp.Core": "10.1.301"
        }
      },
      "FS.GG.UI.Scene": {
        "type": "Direct",
        "requested": "[0.9.0, )",
        "resolved": "0.9.0",
        "contentHash": "gltM8XTb3HF57aED4B4/ZEMr9Gb09dj0ZL6VD9z14XljsioOsRaK3k/xtdFUjO7SskLyXDiBoMsPIa5zONBtvA==",
        "dependencies": {
          "FSharp.Core": "10.1.301"
        }
      },
      "FSharp.Core": {
        "type": "Direct",
        "requested": "[10.1.301, )",
        "resolved": "10.1.301",
        "contentHash": "excLf2zM/qUB3WhRUfI0xvOOaPwcRAEdYT/BXe9eiTKySnWVuIKMQTf5+6ETy5nsb1dpLp1s2j2yAM/XcRgFMg=="
      },
      "fs.gg.game.core": {
        "type": "Project",
        "dependencies": {
          "FSharp.Core": "[10.1.301, )"
        }
      }
    }
  }
}