{
  "version": 1,
  "dependencies": {
    "net10.0": {
      "FS.GG.Wasm.Browser": {
        "type": "Direct",
        "requested": "[0.0.0-p2-compat, 0.0.0-p2-compat]",
        "resolved": "0.0.0-p2-compat",
        "contentHash": "LKDQdL/5t070JXbx2ysy/ctgTMRxQxgbqxrQfCRKWCsKEraJm51VVjm/kTUJKufrkJ2ny0Mk6rjKSU+w9baVxg==",
        "dependencies": {
          "FS.GG.Wasm.Contracts": "[0.0.0-p2-compat]",
          "FSharp.Core": "10.1.302"
        }
      },
      "FSharp.Core": {
        "type": "Direct",
        "requested": "[10.1.302, 10.1.302]",
        "resolved": "10.1.302",
        "contentHash": "bN7XMQrAQg1dyHScJ7FcsznERBkvm74LtIo1O6C5mUzgbDqSwNbDpb3+nBGaJAjDmtC/suK5Vx5pFysKY6Hm+Q=="
      },
      "FS.GG.Wasm.Contracts": {
        "type": "Transitive",
        "resolved": "0.0.0-p2-compat",
        "contentHash": "GcaaDYhmmG1HM6eRk+9mIphQ1XXsWcBV/eeP77lU+fBgro+ZTJVts76cBkxt6xJYA66P7+IEbR8atgdwSznqhA==",
        "dependencies": {
          "FSharp.Core": "10.1.302"
        }
      }
    }
  }
}